
Microsoft Visual Studio Solution File, Format Version 12.00
# Visual Studio Version 16
VisualStudioVersion = 16.0.32106.194
MinimumVisualStudioVersion = 10.0.40219.1
Project("{FAE04EC0-301F-11D3-BF4B-00C04F79EFBC}") = "LargestNo", "LargestNo\LargestNo.csproj", "{1B68FEFD-F13E-408F-AD37-A81BB4AC765B}"
EndProject
Global
	GlobalSection(SolutionConfigurationPlatforms) = preSolution
		Debug|Any CPU = Debug|Any CPU
		Release|Any CPU = Release|Any CPU
	EndGlobalSection
	GlobalSection(ProjectConfigurationPlatforms) = postSolution
		{1B68FEFD-F13E-408F-AD37-A81BB4AC765B}.Debug|Any CPU.ActiveCfg = Debug|Any CPU
		{1B68FEFD-F13E-408F-AD37-A81BB4AC765B}.Debug|Any CPU.Build.0 = Debug|Any CPU
		{1B68FEFD-F13E-408F-AD37-A81BB4AC765B}.Release|Any CPU.ActiveCfg = Release|Any CPU
		{1B68FEFD-F13E-408F-AD37-A81BB4AC765B}.Release|Any CPU.Build.0 = Release|Any CPU
	EndGlobalSection
	GlobalSection(SolutionProperties) = preSolution
		HideSolutionNode = FALSE
	EndGlobalSection
	GlobalSection(ExtensibilityGlobals) = postSolution
		SolutionGuid = {A9F11D53-8CA5-47B7-8498-5A002ED42E52}
	EndGlobalSection
EndGlobal
